dependencies:
- name: medcat-service-helm
  repository: file://../medcat-service-helm
  version: 0.0.1
- name: medcat-service-helm
  repository: file://../medcat-service-helm
  version: 0.0.1
- name: medcat-trainer-helm
  repository: file://../medcat-trainer-helm
  version: 0.0.1
- name: opensearch
  repository: https://opensearch-project.github.io/helm-charts/
  version: 3.5.0
- name: opensearch-dashboards
  repository: https://opensearch-project.github.io/helm-charts/
  version: 3.5.0
- name: cogstack-jupyterhub-helm
  repository: file://../cogstack-jupyterhub-helm
  version: 0.0.1
digest: sha256:91586641cf31493b780341598900d7bd33d64be72cc34ac808811c4f7ff508cd
generated: "2026-04-20T16:37:45.151724713+01:00"
