dependencies:
- name: medcat-service-helm
  repository: file://../medcat-service-helm
  version: 0.0.1
- name: medcat-service-helm
  repository: file://../medcat-service-helm
  version: 0.0.1
- name: medcat-trainer-helm
  repository: file://../medcat-trainer-helm
  version: 0.4.2
- name: opensearch
  repository: https://opensearch-project.github.io/helm-charts/
  version: 3.5.0
- name: opensearch-dashboards
  repository: https://opensearch-project.github.io/helm-charts/
  version: 3.5.0
- name: cogstack-jupyterhub-helm
  repository: file://../cogstack-jupyterhub-helm
  version: 0.0.1
digest: sha256:4b65be4c546b83ca137886fbaad2e39d78fadc158627474104db4829513dc084
generated: "2026-06-18T11:33:39.061712953Z"
