dependencies:
- name: medcat-service-helm
  repository: file://../medcat-service-helm
  version: 0.0.1
- name: medcat-service-helm
  repository: file://../medcat-service-helm
  version: 0.0.1
- name: medcat-trainer-helm
  repository: file://../medcat-trainer-helm
  version: 0.0.1
- name: opensearch
  repository: https://opensearch-project.github.io/helm-charts/
  version: 3.5.0
- name: opensearch-dashboards
  repository: https://opensearch-project.github.io/helm-charts/
  version: 3.5.0
- name: cogstack-jupyterhub-helm
  repository: file://../cogstack-jupyterhub-helm
  version: 0.1.0
digest: sha256:e0129202a475f3a6888591564ef1956019bee4ad57c89e4df00222488f9f16c2
generated: "2026-04-20T15:53:22.403089397+01:00"
